{
  "name": "profile_typescript",
  "version": "1.0.0",
  "lockfileVersion": 1,
  "requires": true,
  "dependencies": {
    "byline": {
      "version": "2.0.3",
      "resolved": "https://registry.npmjs.org/byline/-/byline-2.0.3.tgz",
      "integrity": "sha1-gRskuHScHN0dJrWbd/zBnT4Nhsk="
    },
    "d8": {
      "version": "0.4.4",
      "resolved": "https://registry.npmjs.org/d8/-/d8-0.4.4.tgz",
      "integrity": "sha1-WYndYrkL3YU9OXjxJhpLx2vPZIU=",
      "requires": {
        "m8": ">= 0.4.3"
      }
    },
    "m8": {
      "version": "0.4.4",
      "resolved": "https://registry.npmjs.org/m8/-/m8-0.4.4.tgz",
      "integrity": "sha1-Wd+RTZvuKCnOrENGAmq+lFq+1bg="
    },
    "tick": {
      "version": "0.1.1",
      "resolved": "https://registry.npmjs.org/tick/-/tick-0.1.1.tgz",
      "integrity": "sha1-ooHqMvZg7aOGkxgAr3bOAHfqSMw=",
      "requires": {
        "byline": "~2.0.3"
      }
    },
    "typescript": {
      "version": "4.3.5",
      "resolved": "https://registry.npmjs.org/typescript/-/typescript-4.3.5.tgz",
      "integrity": "sha512-DqQgihaQ9cUrskJo9kIyW/+g0Vxsk8cDtZ52a3NGh0YNTfpUSArXSohyUGnvbPazEPLu398C0UxmKSOrPumUzA=="
    },
    "v8": {
      "version": "0.1.0",
      "resolved": "https://registry.npmjs.org/v8/-/v8-0.1.0.tgz",
      "integrity": "sha1-hrkAfnMNp1GGrZoK0eON0682wr0="
    }
  }
}
